
Microsoft Visual Studio Solution File, Format Version 12.00
# Visual Studio Version 17
VisualStudioVersion = 17.14.36203.30
MinimumVisualStudioVersion = 10.0.40219.1
Project("{D2ABAB84-BF74-430A-B69E-9DC6D40DDA17}") = "SSAS FINAL", "TestSSAS\SSAS FINAL.dwproj", "{9372DAB1-6BBB-6BE7-353E-113ABE557423}"
EndProject
Global
	GlobalSection(SolutionConfigurationPlatforms) = preSolution
		Development|Default = Development|Default
	EndGlobalSection
	GlobalSection(ProjectConfigurationPlatforms) = postSolution
		{9372DAB1-6BBB-6BE7-353E-113ABE557423}.Development|Default.ActiveCfg = Development
		{9372DAB1-6BBB-6BE7-353E-113ABE557423}.Development|Default.Build.0 = Development
		{9372DAB1-6BBB-6BE7-353E-113ABE557423}.Development|Default.Deploy.0 = Development
	EndGlobalSection
	GlobalSection(SolutionProperties) = preSolution
		HideSolutionNode = FALSE
	EndGlobalSection
	GlobalSection(ExtensibilityGlobals) = postSolution
		SolutionGuid = {B4471FFD-79D7-41BA-A79A-13DEFD3CA4C6}
	EndGlobalSection
EndGlobal
